
Microsoft Visual Studio Solution File, Format Version 12.00
# Visual Studio 15
VisualStudioVersion = 15.0.27130.2036
MinimumVisualStudioVersion = 10.0.40219.1
Project("{9A19103F-16F7-4668-BE54-9A1E7A4F7556}") = "AWSLambdaFirst", "AWSLambdaFirst.csproj", "{B6209D55-0619-4D6C-85C8-F29CA134959D}"
EndProject
Project("{9A19103F-16F7-4668-BE54-9A1E7A4F7556}") = "AWSLambdaFirst.Tests", "..\AWSLambdaFirst.Tests\AWSLambdaFirst.Tests.csproj", "{B43CEF5C-B516-480F-B30C-57B965AEA969}"
EndProject
Global
	GlobalSection(SolutionConfigurationPlatforms) = preSolution
		Debug|Any CPU = Debug|Any CPU
		Release|Any CPU = Release|Any CPU
	EndGlobalSection
	GlobalSection(ProjectConfigurationPlatforms) = postSolution
		{B6209D55-0619-4D6C-85C8-F29CA134959D}.Debug|Any CPU.ActiveCfg = Debug|Any CPU
		{B6209D55-0619-4D6C-85C8-F29CA134959D}.Debug|Any CPU.Build.0 = Debug|Any CPU
		{B6209D55-0619-4D6C-85C8-F29CA134959D}.Release|Any CPU.ActiveCfg = Release|Any CPU
		{B6209D55-0619-4D6C-85C8-F29CA134959D}.Release|Any CPU.Build.0 = Release|Any CPU
		{B43CEF5C-B516-480F-B30C-57B965AEA969}.Debug|Any CPU.ActiveCfg = Debug|Any CPU
		{B43CEF5C-B516-480F-B30C-57B965AEA969}.Debug|Any CPU.Build.0 = Debug|Any CPU
		{B43CEF5C-B516-480F-B30C-57B965AEA969}.Release|Any CPU.ActiveCfg = Release|Any CPU
		{B43CEF5C-B516-480F-B30C-57B965AEA969}.Release|Any CPU.Build.0 = Release|Any CPU
	EndGlobalSection
	GlobalSection(SolutionProperties) = preSolution
		HideSolutionNode = FALSE
	EndGlobalSection
	GlobalSection(ExtensibilityGlobals) = postSolution
		SolutionGuid = {EBE622A5-6A58-4228-B67F-29F22BF8F93B}
	EndGlobalSection
EndGlobal
